PODS:
  - Eureka (3.1.0)
  - EZLoadingActivity (1.01)
  - FittableFontLabel (1.4.0)
  - GoogleMaps (2.4.0):
    - GoogleMaps/Maps (= 2.4.0)
  - GoogleMaps/Base (2.4.0)
  - GoogleMaps/Maps (2.4.0):
    - GoogleMaps/Base
  - LatLongToTimezone (1.1.2)
  - Realm (2.10.0):
    - Realm/Headers (= 2.10.0)
  - Realm/Headers (2.10.0)
  - RealmSwift (2.10.0):
    - Realm (= 2.10.0)
  - RxCocoa (3.6.1):
    - RxSwift (~> 3.6)
  - RxGoogleMaps (2.2.0):
    - RxCocoa (~> 3.2)
    - RxSwift (~> 3.2)
  - RxSwift (3.6.1)
  - SCLAlertView (0.7.0)
  - SwiftDate (4.1.7)
  - SwiftyUtils (1.0.0)

DEPENDENCIES:
  - Eureka
  - EZLoadingActivity
  - FittableFontLabel
  - GoogleMaps
  - LatLongToTimezone
  - RealmSwift
  - RxGoogleMaps
  - SCLAlertView
  - SwiftDate
  - SwiftyUtils

SPEC CHECKSUMS:
  Eureka: d6725c38d0dcdceaa331d1468f75e76315715ae0
  EZLoadingActivity: edd7e387e5197b116ce2cccb3fd747ababc2a510
  FittableFontLabel: 20502441e83bb41eb8b41611cca91af85c4e21e3
  GoogleMaps: 8436ab5d1c25e36915b2f7416d0c8e3fa2e76c61
  LatLongToTimezone: efd39e80e92c4cd3aefb597a2fd16f177a4742b5
  Realm: 98b3a25643cf6b3e07d2b99fb43fe0eb9c801dec
  RealmSwift: 34073ad3a31232bbaf7c0db898c037940284cba2
  RxCocoa: 84a08739ab186248c7f31ce4ee92d6f8a947d690
  RxGoogleMaps: a0968a520060bf087e26b7b830d9156822ee1254
  RxSwift: f9de85ea20cd2f7716ee5409fc13523dc638e4e4
  SCLAlertView: 8a14ffc40590c619e183eed2298b854385f30be1
  SwiftDate: 029be76691ee89176da3a46c7df3415b6734bc5b
  SwiftyUtils: f48a22d2fa8eece42a11d8bbb4d01a9758dd0602

PODFILE CHECKSUM: e297eb3cfe13840f9dea1ca2c43827d93d0a8cf2

COCOAPODS: 1.1.0.beta.1
